// !$*UTF8*$!
{
	archiveVersion = 1;
	classes = {
	};
	objectVersion = 50;
	objects = {

/* Begin PBXBuildFile section */
		A704135124B61AA100C26E56 /* AppDelegate.swift in Sources */ = {isa = PBXBuildFile; fileRef = A704135024B61AA100C26E56 /* AppDelegate.swift */; };
		A704135324B61AA100C26E56 /* SceneDelegate.swift in Sources */ = {isa = PBXBuildFile; fileRef = A704135224B61AA100C26E56 /* SceneDelegate.swift */; };
		A704135824B61AA100C26E56 /* Main.storyboard in Resources */ = {isa = PBXBuildFile; fileRef = A704135624B61AA100C26E56 /* Main.storyboard */; };
		A704135A24B61AA300C26E56 /* Assets.xcassets in Resources */ = {isa = PBXBuildFile; fileRef = A704135924B61AA300C26E56 /* Assets.xcassets */; };
		A704135D24B61AA300C26E56 /* LaunchScreen.storyboard in Resources */ = {isa = PBXBuildFile; fileRef = A704135B24B61AA300C26E56 /* LaunchScreen.storyboard */; };
		A7B29A0824B9A6260064E493 /* DetailGameViewController.swift in Sources */ = {isa = PBXBuildFile; fileRef = A7B29A0624B9A6260064E493 /* DetailGameViewController.swift */; };
		A7B29A0924B9A6260064E493 /* DetailGameViewController.xib in Resources */ = {isa = PBXBuildFile; fileRef = A7B29A0724B9A6260064E493 /* DetailGameViewController.xib */; };
		A7B29A0B24B9A6370064E493 /* HomeViewController.swift in Sources */ = {isa = PBXBuildFile; fileRef = A7B29A0A24B9A6370064E493 /* HomeViewController.swift */; };
		A7B29A0F24BA14FF0064E493 /* GenreCollectionViewCell.swift in Sources */ = {isa = PBXBuildFile; fileRef = A7B29A0D24BA14FF0064E493 /* GenreCollectionViewCell.swift */; };
		A7B29A1024BA14FF0064E493 /* GenreCollectionViewCell.xib in Resources */ = {isa = PBXBuildFile; fileRef = A7B29A0E24BA14FF0064E493 /* GenreCollectionViewCell.xib */; };
		A7B29A1724BADC450064E493 /* NetworkManager.swift in Sources */ = {isa = PBXBuildFile; fileRef = A7B29A1624BADC450064E493 /* NetworkManager.swift */; };
		A7B29A1F24BAED1D0064E493 /* GameCollectionViewCell.swift in Sources */ = {isa = PBXBuildFile; fileRef = A7B29A1D24BAED1D0064E493 /* GameCollectionViewCell.swift */; };
		A7B29A2024BAED1D0064E493 /* GameCollectionViewCell.xib in Resources */ = {isa = PBXBuildFile; fileRef = A7B29A1E24BAED1D0064E493 /* GameCollectionViewCell.xib */; };
		A7B29A2524BB5F540064E493 /* Genre.swift in Sources */ = {isa = PBXBuildFile; fileRef = A7B29A2324BB5F540064E493 /* Genre.swift */; };
		A7B29A2824BB5FAA0064E493 /* Game.swift in Sources */ = {isa = PBXBuildFile; fileRef = A7B29A2724BB5FAA0064E493 /* Game.swift */; };
/* End PBXBuildFile section */

/* Begin PBXFileReference section */
		A704134D24B61AA100C26E56 /* mygamesubmission.app */ = {isa = PBXFileReference; explicitFileType = wrapper.application; includeInIndex = 0; path = mygamesubmission.app; sourceTree = BUILT_PRODUCTS_DIR; };
		A704135024B61AA100C26E56 /* AppDelegate.swift */ = {isa = PBXFileReference; lastKnownFileType = sourcecode.swift; path = AppDelegate.swift; sourceTree = "<group>"; };
		A704135224B61AA100C26E56 /* SceneDelegate.swift */ = {isa = PBXFileReference; lastKnownFileType = sourcecode.swift; path = SceneDelegate.swift; sourceTree = "<group>"; };
		A704135724B61AA100C26E56 /* Base */ = {isa = PBXFileReference; lastKnownFileType = file.storyboard; name = Base; path = Base.lproj/Main.storyboard; sourceTree = "<group>"; };
		A704135924B61AA300C26E56 /* Assets.xcassets */ = {isa = PBXFileReference; lastKnownFileType = folder.assetcatalog; path = Assets.xcassets; sourceTree = "<group>"; };
		A704135C24B61AA300C26E56 /* Base */ = {isa = PBXFileReference; lastKnownFileType = file.storyboard; name = Base; path = Base.lproj/LaunchScreen.storyboard; sourceTree = "<group>"; };
		A704135E24B61AA300C26E56 /* Info.plist */ = {isa = PBXFileReference; lastKnownFileType = text.plist.xml; path = Info.plist; sourceTree = "<group>"; };
		A7B29A0624B9A6260064E493 /* DetailGameViewController.swift */ = {isa = PBXFileReference; lastKnownFileType = sourcecode.swift; path = DetailGameViewController.swift; sourceTree = "<group>"; };
		A7B29A0724B9A6260064E493 /* DetailGameViewController.xib */ = {isa = PBXFileReference; lastKnownFileType = file.xib; path = DetailGameViewController.xib; sourceTree = "<group>"; };
		A7B29A0A24B9A6370064E493 /* HomeViewController.swift */ = {isa = PBXFileReference; lastKnownFileType = sourcecode.swift; path = HomeViewController.swift; sourceTree = "<group>"; };
		A7B29A0D24BA14FF0064E493 /* GenreCollectionViewCell.swift */ = {isa = PBXFileReference; lastKnownFileType = sourcecode.swift; path = GenreCollectionViewCell.swift; sourceTree = "<group>"; };
		A7B29A0E24BA14FF0064E493 /* GenreCollectionViewCell.xib */ = {isa = PBXFileReference; lastKnownFileType = file.xib; path = GenreCollectionViewCell.xib; sourceTree = "<group>"; };
		A7B29A1624BADC450064E493 /* NetworkManager.swift */ = {isa = PBXFileReference; lastKnownFileType = sourcecode.swift; path = NetworkManager.swift; sourceTree = "<group>"; };
		A7B29A1D24BAED1D0064E493 /* GameCollectionViewCell.swift */ = {isa = PBXFileReference; lastKnownFileType = sourcecode.swift; path = GameCollectionViewCell.swift; sourceTree = "<group>"; };
		A7B29A1E24BAED1D0064E493 /* GameCollectionViewCell.xib */ = {isa = PBXFileReference; lastKnownFileType = file.xib; path = GameCollectionViewCell.xib; sourceTree = "<group>"; };
		A7B29A2324BB5F540064E493 /* Genre.swift */ = {isa = PBXFileReference; fileEncoding = 4; lastKnownFileType = sourcecode.swift; path = Genre.swift; sourceTree = "<group>"; };
		A7B29A2724BB5FAA0064E493 /* Game.swift */ = {isa = PBXFileReference; lastKnownFileType = sourcecode.swift; path = Game.swift; sourceTree = "<group>"; };
/* End PBXFileReference section */

/* Begin PBXFrameworksBuildPhase section */
		A704134A24B61AA100C26E56 /* Frameworks */ = {
			isa = PBXFrameworksBuildPhase;
			buildActionMask = 2147483647;
			files = (
			);
			runOnlyForDeploymentPostprocessing = 0;
		};
/* End PBXFrameworksBuildPhase section */

/* Begin PBXGroup section */
		A704134424B61AA100C26E56 = {
			isa = PBXGroup;
			children = (
				A704134F24B61AA100C26E56 /* mygamesubmission */,
				A704134E24B61AA100C26E56 /* Products */,
			);
			sourceTree = "<group>";
		};
		A704134E24B61AA100C26E56 /* Products */ = {
			isa = PBXGroup;
			children = (
				A704134D24B61AA100C26E56 /* mygamesubmission.app */,
			);
			name = Products;
			sourceTree = "<group>";
		};
		A704134F24B61AA100C26E56 /* mygamesubmission */ = {
			isa = PBXGroup;
			children = (
				A7B29A2224BB5F200064E493 /* Model */,
				A7B29A2124BB5E8C0064E493 /* View */,
				A7B29A1524BADBF00064E493 /* Network */,
				A704136624B61AED00C26E56 /* Controller */,
				A704136424B61AB800C26E56 /* Support File */,
			);
			path = mygamesubmission;
			sourceTree = "<group>";
		};
		A704136424B61AB800C26E56 /* Support File */ = {
			isa = PBXGroup;
			children = (
				A704135924B61AA300C26E56 /* Assets.xcassets */,
				A704135B24B61AA300C26E56 /* LaunchScreen.storyboard */,
				A704135024B61AA100C26E56 /* AppDelegate.swift */,
				A704135224B61AA100C26E56 /* SceneDelegate.swift */,
				A704135E24B61AA300C26E56 /* Info.plist */,
			);
			path = "Support File";
			sourceTree = "<group>";
		};
		A704136624B61AED00C26E56 /* Controller */ = {
			isa = PBXGroup;
			children = (
				A7B29A0A24B9A6370064E493 /* HomeViewController.swift */,
				A7B29A0524B9A5E60064E493 /* DetailGame */,
			);
			path = Controller;
			sourceTree = "<group>";
		};
		A7B29A0424B9A5B90064E493 /* Game */ = {
			isa = PBXGroup;
			children = (
				A7B29A1D24BAED1D0064E493 /* GameCollectionViewCell.swift */,
				A7B29A1E24BAED1D0064E493 /* GameCollectionViewCell.xib */,
			);
			path = Game;
			sourceTree = "<group>";
		};
		A7B29A0524B9A5E60064E493 /* DetailGame */ = {
			isa = PBXGroup;
			children = (
				A7B29A0624B9A6260064E493 /* DetailGameViewController.swift */,
				A7B29A0724B9A6260064E493 /* DetailGameViewController.xib */,
			);
			path = DetailGame;
			sourceTree = "<group>";
		};
		A7B29A0C24BA14E40064E493 /* Genre */ = {
			isa = PBXGroup;
			children = (
				A7B29A0D24BA14FF0064E493 /* GenreCollectionViewCell.swift */,
				A7B29A0E24BA14FF0064E493 /* GenreCollectionViewCell.xib */,
			);
			path = Genre;
			sourceTree = "<group>";
		};
		A7B29A1524BADBF00064E493 /* Network */ = {
			isa = PBXGroup;
			children = (
				A7B29A1624BADC450064E493 /* NetworkManager.swift */,
			);
			path = Network;
			sourceTree = "<group>";
		};
		A7B29A2124BB5E8C0064E493 /* View */ = {
			isa = PBXGroup;
			children = (
				A704135624B61AA100C26E56 /* Main.storyboard */,
				A7B29A0C24BA14E40064E493 /* Genre */,
				A7B29A0424B9A5B90064E493 /* Game */,
			);
			path = View;
			sourceTree = "<group>";
		};
		A7B29A2224BB5F200064E493 /* Model */ = {
			isa = PBXGroup;
			children = (
				A7B29A2324BB5F540064E493 /* Genre.swift */,
				A7B29A2724BB5FAA0064E493 /* Game.swift */,
			);
			path = Model;
			sourceTree = "<group>";
		};
/* End PBXGroup section */

/* Begin PBXNativeTarget section */
		A704134C24B61AA100C26E56 /* mygamesubmission */ = {
			isa = PBXNativeTarget;
			buildConfigurationList = A704136124B61AA300C26E56 /* Build configuration list for PBXNativeTarget "mygamesubmission" */;
			buildPhases = (
				A704134924B61AA100C26E56 /* Sources */,
				A704134A24B61AA100C26E56 /* Frameworks */,
				A704134B24B61AA100C26E56 /* Resources */,
			);
			buildRules = (
			);
			dependencies = (
			);
			name = mygamesubmission;
			productName = mygamesubmission;
			productReference = A704134D24B61AA100C26E56 /* mygamesubmission.app */;
			productType = "com.apple.product-type.application";
		};
/* End PBXNativeTarget section */

/* Begin PBXProject section */
		A704134524B61AA100C26E56 /* Project object */ = {
			isa = PBXProject;
			attributes = {
				LastSwiftUpdateCheck = 1150;
				LastUpgradeCheck = 1150;
				ORGANIZATIONNAME = "Fikri Adriansa Yudha";
				TargetAttributes = {
					A704134C24B61AA100C26E56 = {
						CreatedOnToolsVersion = 11.5;
					};
				};
			};
			buildConfigurationList = A704134824B61AA100C26E56 /* Build configuration list for PBXProject "mygamesubmission" */;
			compatibilityVersion = "Xcode 9.3";
			developmentRegion = en;
			hasScannedForEncodings = 0;
			knownRegions = (
				en,
				Base,
			);
			mainGroup = A704134424B61AA100C26E56;
			productRefGroup = A704134E24B61AA100C26E56 /* Products */;
			projectDirPath = "";
			projectRoot = "";
			targets = (
				A704134C24B61AA100C26E56 /* mygamesubmission */,
			);
		};
/* End PBXProject section */

/* Begin PBXResourcesBuildPhase section */
		A704134B24B61AA100C26E56 /* Resources */ = {
			isa = PBXResourcesBuildPhase;
			buildActionMask = 2147483647;
			files = (
				A704135D24B61AA300C26E56 /* LaunchScreen.storyboard in Resources */,
				A7B29A0924B9A6260064E493 /* DetailGameViewController.xib in Resources */,
				A7B29A2024BAED1D0064E493 /* GameCollectionViewCell.xib in Resources */,
				A7B29A1024BA14FF0064E493 /* GenreCollectionViewCell.xib in Resources */,
				A704135A24B61AA300C26E56 /* Assets.xcassets in Resources */,
				A704135824B61AA100C26E56 /* Main.storyboard in Resources */,
			);
			runOnlyForDeploymentPostprocessing = 0;
		};
/* End PBXResourcesBuildPhase section */

/* Begin PBXSourcesBuildPhase section */
		A704134924B61AA100C26E56 /* Sources */ = {
			isa = PBXSourcesBuildPhase;
			buildActionMask = 2147483647;
			files = (
				A7B29A1724BADC450064E493 /* NetworkManager.swift in Sources */,
				A7B29A2824BB5FAA0064E493 /* Game.swift in Sources */,
				A7B29A0F24BA14FF0064E493 /* GenreCollectionViewCell.swift in Sources */,
				A704135124B61AA100C26E56 /* AppDelegate.swift in Sources */,
				A704135324B61AA100C26E56 /* SceneDelegate.swift in Sources */,
				A7B29A1F24BAED1D0064E493 /* GameCollectionViewCell.swift in Sources */,
				A7B29A0B24B9A6370064E493 /* HomeViewController.swift in Sources */,
				A7B29A0824B9A6260064E493 /* DetailGameViewController.swift in Sources */,
				A7B29A2524BB5F540064E493 /* Genre.swift in Sources */,
			);
			runOnlyForDeploymentPostprocessing = 0;
		};
/* End PBXSourcesBuildPhase section */

/* Begin PBXVariantGroup section */
		A704135624B61AA100C26E56 /* Main.storyboard */ = {
			isa = PBXVariantGroup;
			children = (
				A704135724B61AA100C26E56 /* Base */,
			);
			name = Main.storyboard;
			sourceTree = "<group>";
		};
		A704135B24B61AA300C26E56 /* LaunchScreen.storyboard */ = {
			isa = PBXVariantGroup;
			children = (
				A704135C24B61AA300C26E56 /* Base */,
			);
			name = LaunchScreen.storyboard;
			sourceTree = "<group>";
		};
/* End PBXVariantGroup section */

/* Begin XCBuildConfiguration section */
		A704135F24B61AA300C26E56 /* Debug */ = {
			isa = XCBuildConfiguration;
			buildSettings = {
				ALWAYS_SEARCH_USER_PATHS = NO;
				CLANG_ANALYZER_NONNULL = YES;
				CLANG_ANALYZER_NUMBER_OBJECT_CONVERSION = YES_AGGRESSIVE;
				CLANG_CXX_LANGUAGE_STANDARD = "gnu++14";
				CLANG_CXX_LIBRARY = "libc++";
				CLANG_ENABLE_MODULES = YES;
				CLANG_ENABLE_OBJC_ARC = YES;
				CLANG_ENABLE_OBJC_WEAK = YES;
				CLANG_WARN_BLOCK_CAPTURE_AUTORELEASING = YES;
				CLANG_WARN_BOOL_CONVERSION = YES;
				CLANG_WARN_COMMA = YES;
				CLANG_WARN_CONSTANT_CONVERSION = YES;
				CLANG_WARN_DEPRECATED_OBJC_IMPLEMENTATIONS = YES;
				CLANG_WARN_DIRECT_OBJC_ISA_USAGE = YES_ERROR;
				CLANG_WARN_DOCUMENTATION_COMMENTS = YES;
				CLANG_WARN_EMPTY_BODY = YES;
				CLANG_WARN_ENUM_CONVERSION = YES;
				CLANG_WARN_INFINITE_RECURSION = YES;
				CLANG_WARN_INT_CONVERSION = YES;
				CLANG_WARN_NON_LITERAL_NULL_CONVERSION = YES;
				CLANG_WARN_OBJC_IMPLICIT_RETAIN_SELF = YES;
				CLANG_WARN_OBJC_LITERAL_CONVERSION = YES;
				CLANG_WARN_OBJC_ROOT_CLASS = YES_ERROR;
				CLANG_WARN_RANGE_LOOP_ANALYSIS = YES;
				CLANG_WARN_STRICT_PROTOTYPES = YES;
				CLANG_WARN_SUSPICIOUS_MOVE = YES;
				CLANG_WARN_UNGUARDED_AVAILABILITY = YES_AGGRESSIVE;
				CLANG_WARN_UNREACHABLE_CODE = YES;
				CLANG_WARN__DUPLICATE_METHOD_MATCH = YES;
				COPY_PHASE_STRIP = NO;
				DEBUG_INFORMATION_FORMAT = dwarf;
				ENABLE_STRICT_OBJC_MSGSEND = YES;
				ENABLE_TESTABILITY = YES;
				GCC_C_LANGUAGE_STANDARD = gnu11;
				GCC_DYNAMIC_NO_PIC = NO;
				GCC_NO_COMMON_BLOCKS = YES;
				GCC_OPTIMIZATION_LEVEL = 0;
				GCC_PREPROCESSOR_DEFINITIONS = (
					"DEBUG=1",
					"$(inherited)",
				);
				GCC_WARN_64_TO_32_BIT_CONVERSION = YES;
				GCC_WARN_ABOUT_RETURN_TYPE = YES_ERROR;
				GCC_WARN_UNDECLARED_SELECTOR = YES;
				GCC_WARN_UNINITIALIZED_AUTOS = YES_AGGRESSIVE;
				GCC_WARN_UNUSED_FUNCTION = YES;
				GCC_WARN_UNUSED_VARIABLE = YES;
				IPHONEOS_DEPLOYMENT_TARGET = 13.5;
				MTL_ENABLE_DEBUG_INFO = INCLUDE_SOURCE;
				MTL_FAST_MATH = YES;
				ONLY_ACTIVE_ARCH = YES;
				SDKROOT = iphoneos;
				SWIFT_ACTIVE_COMPILATION_CONDITIONS = DEBUG;
				SWIFT_OPTIMIZATION_LEVEL = "-Onone";
			};
			name = Debug;
		};
		A704136024B61AA300C26E56 /* Release */ = {
			isa = XCBuildConfiguration;
			buildSettings = {
				ALWAYS_SEARCH_USER_PATHS = NO;
				CLANG_ANALYZER_NONNULL = YES;
				CLANG_ANALYZER_NUMBER_OBJECT_CONVERSION = YES_AGGRESSIVE;
				CLANG_CXX_LANGUAGE_STANDARD = "gnu++14";
				CLANG_CXX_LIBRARY = "libc++";
				CLANG_ENABLE_MODULES = YES;
				CLANG_ENABLE_OBJC_ARC = YES;
				CLANG_ENABLE_OBJC_WEAK = YES;
				CLANG_WARN_BLOCK_CAPTURE_AUTORELEASING = YES;
				CLANG_WARN_BOOL_CONVERSION = YES;
				CLANG_WARN_COMMA = YES;
				CLANG_WARN_CONSTANT_CONVERSION = YES;
				CLANG_WARN_DEPRECATED_OBJC_IMPLEMENTATIONS = YES;
				CLANG_WARN_DIRECT_OBJC_ISA_USAGE = YES_ERROR;
				CLANG_WARN_DOCUMENTATION_COMMENTS = YES;
				CLANG_WARN_EMPTY_BODY = YES;
				CLANG_WARN_ENUM_CONVERSION = YES;
				CLANG_WARN_INFINITE_RECURSION = YES;
				CLANG_WARN_INT_CONVERSION = YES;
				CLANG_WARN_NON_LITERAL_NULL_CONVERSION = YES;
				CLANG_WARN_OBJC_IMPLICIT_RETAIN_SELF = YES;
				CLANG_WARN_OBJC_LITERAL_CONVERSION = YES;
				CLANG_WARN_OBJC_ROOT_CLASS = YES_ERROR;
				CLANG_WARN_RANGE_LOOP_ANALYSIS = YES;
				CLANG_WARN_STRICT_PROTOTYPES = YES;
				CLANG_WARN_SUSPICIOUS_MOVE = YES;
				CLANG_WARN_UNGUARDED_AVAILABILITY = YES_AGGRESSIVE;
				CLANG_WARN_UNREACHABLE_CODE = YES;
				CLANG_WARN__DUPLICATE_METHOD_MATCH = YES;
				COPY_PHASE_STRIP = NO;
				DEBUG_INFORMATION_FORMAT = "dwarf-with-dsym";
				ENABLE_NS_ASSERTIONS = NO;
				ENABLE_STRICT_OBJC_MSGSEND = YES;
				GCC_C_LANGUAGE_STANDARD = gnu11;
				GCC_NO_COMMON_BLOCKS = YES;
				GCC_WARN_64_TO_32_BIT_CONVERSION = YES;
				GCC_WARN_ABOUT_RETURN_TYPE = YES_ERROR;
				GCC_WARN_UNDECLARED_SELECTOR = YES;
				GCC_WARN_UNINITIALIZED_AUTOS = YES_AGGRESSIVE;
				GCC_WARN_UNUSED_FUNCTION = YES;
				GCC_WARN_UNUSED_VARIABLE = YES;
				IPHONEOS_DEPLOYMENT_TARGET = 13.5;
				MTL_ENABLE_DEBUG_INFO = NO;
				MTL_FAST_MATH = YES;
				SDKROOT = iphoneos;
				SWIFT_COMPILATION_MODE = wholemodule;
				SWIFT_OPTIMIZATION_LEVEL = "-O";
				VALIDATE_PRODUCT = YES;
			};
			name = Release;
		};
		A704136224B61AA300C26E56 /* Debug */ = {
			isa = XCBuildConfiguration;
			buildSettings = {
				ASSETCATALOG_COMPILER_APPICON_NAME = AppIcon;
				CODE_SIGN_STYLE = Automatic;
				DEVELOPMENT_TEAM = SY534J33X8;
				INFOPLIST_FILE = "mygamesubmission/Support File/Info.plist";
				LD_RUNPATH_SEARCH_PATHS = (
					"$(inherited)",
					"@executable_path/Frameworks",
				);
				PRODUCT_BUNDLE_IDENTIFIER = krayz.mygamesubmission;
				PRODUCT_NAME = "$(TARGET_NAME)";
				SWIFT_VERSION = 5.0;
				TARGETED_DEVICE_FAMILY = "1,2";
			};
			name = Debug;
		};
		A704136324B61AA300C26E56 /* Release */ = {
			isa = XCBuildConfiguration;
			buildSettings = {
				ASSETCATALOG_COMPILER_APPICON_NAME = AppIcon;
				CODE_SIGN_STYLE = Automatic;
				DEVELOPMENT_TEAM = SY534J33X8;
				INFOPLIST_FILE = "mygamesubmission/Support File/Info.plist";
				LD_RUNPATH_SEARCH_PATHS = (
					"$(inherited)",
					"@executable_path/Frameworks",
				);
				PRODUCT_BUNDLE_IDENTIFIER = krayz.mygamesubmission;
				PRODUCT_NAME = "$(TARGET_NAME)";
				SWIFT_VERSION = 5.0;
				TARGETED_DEVICE_FAMILY = "1,2";
			};
			name = Release;
		};
/* End XCBuildConfiguration section */

/* Begin XCConfigurationList section */
		A704134824B61AA100C26E56 /* Build configuration list for PBXProject "mygamesubmission" */ = {
			isa = XCConfigurationList;
			buildConfigurations = (
				A704135F24B61AA300C26E56 /* Debug */,
				A704136024B61AA300C26E56 /* Release */,
			);
			defaultConfigurationIsVisible = 0;
			defaultConfigurationName = Release;
		};
		A704136124B61AA300C26E56 /* Build configuration list for PBXNativeTarget "mygamesubmission" */ = {
			isa = XCConfigurationList;
			buildConfigurations = (
				A704136224B61AA300C26E56 /* Debug */,
				A704136324B61AA300C26E56 /* Release */,
			);
			defaultConfigurationIsVisible = 0;
			defaultConfigurationName = Release;
		};
/* End XCConfigurationList section */
	};
	rootObject = A704134524B61AA100C26E56 /* Project object */;
}
